// !$*UTF8*$!
{
	archiveVersion = 1;
	classes = {
	};
	objectVersion = 56;
	objects = {

/* Begin PBXBuildFile section */
		4BC789AA2C2867FE00495822 /* StaticWeatherApp.swift in Sources */ = {isa = PBXBuildFile; fileRef = 4BC789A92C2867FE00495822 /* StaticWeatherApp.swift */; };
		4BC789AC2C2867FE00495822 /* ContentView.swift in Sources */ = {isa = PBXBuildFile; fileRef = 4BC789AB2C2867FE00495822 /* ContentView.swift */; };
		4BC789AE2C28680000495822 /* Assets.xcassets in Resources */ = {isa = PBXBuildFile; fileRef = 4BC789AD2C28680000495822 /* Assets.xcassets */; };
		4BC789B12C28680000495822 /* Preview Assets.xcassets in Resources */ = {isa = PBXBuildFile; fileRef = 4BC789B02C28680000495822 /* Preview Assets.xcassets */; };
		4BC789BB2C28680100495822 /* StaticWeatherAppTests.swift in Sources */ = {isa = PBXBuildFile; fileRef = 4BC789BA2C28680100495822 /* StaticWeatherAppTests.swift */; };
		4BC789C52C28680100495822 /* StaticWeatherAppUITests.swift in Sources */ = {isa = PBXBuildFile; fileRef = 4BC789C42C28680100495822 /* StaticWeatherAppUITests.swift */; };
		4BC789C72C28680100495822 /* StaticWeatherAppUITestsLaunchTests.swift in Sources */ = {isa = PBXBuildFile; fileRef = 4BC789C62C28680100495822 /* StaticWeatherAppUITestsLaunchTests.swift */; };
		4BC789D42C2868C900495822 /* WeatherButton.swift in Sources */ = {isa = PBXBuildFile; fileRef = 4BC789D32C2868C900495822 /* WeatherButton.swift */; };
		4BEB510C2C28696B000B47DE /* WeatherModel.swift in Sources */ = {isa = PBXBuildFile; fileRef = 4BEB510B2C28696B000B47DE /* WeatherModel.swift */; };
		4BEB510E2C28697F000B47DE /* MockWeatherDataSource.swift in Sources */ = {isa = PBXBuildFile; fileRef = 4BEB510D2C28697F000B47DE /* MockWeatherDataSource.swift */; };
/* End PBXBuildFile section */

/* Begin PBXContainerItemProxy section */
		4BC789B72C28680100495822 /* PBXContainerItemProxy */ = {
			isa = PBXContainerItemProxy;
			containerPortal = 4BC7899E2C2867FE00495822 /* Project object */;
			proxyType = 1;
			remoteGlobalIDString = 4BC789A52C2867FE00495822;
			remoteInfo = StaticWeatherApp;
		};
		4BC789C12C28680100495822 /* PBXContainerItemProxy */ = {
			isa = PBXContainerItemProxy;
			containerPortal = 4BC7899E2C2867FE00495822 /* Project object */;
			proxyType = 1;
			remoteGlobalIDString = 4BC789A52C2867FE00495822;
			remoteInfo = StaticWeatherApp;
		};
/* End PBXContainerItemProxy section */

/* Begin PBXFileReference section */
		4BC789A62C2867FE00495822 /* StaticWeatherApp.app */ = {isa = PBXFileReference; explicitFileType = wrapper.application; includeInIndex = 0; path = StaticWeatherApp.app; sourceTree = BUILT_PRODUCTS_DIR; };
		4BC789A92C2867FE00495822 /* StaticWeatherApp.swift */ = {isa = PBXFileReference; lastKnownFileType = sourcecode.swift; path = StaticWeatherApp.swift; sourceTree = "<group>"; };
		4BC789AB2C2867FE00495822 /* ContentView.swift */ = {isa = PBXFileReference; lastKnownFileType = sourcecode.swift; path = ContentView.swift; sourceTree = "<group>"; };
		4BC789AD2C28680000495822 /* Assets.xcassets */ = {isa = PBXFileReference; lastKnownFileType = folder.assetcatalog; path = Assets.xcassets; sourceTree = "<group>"; };
		4BC789B02C28680000495822 /* Preview Assets.xcassets */ = {isa = PBXFileReference; lastKnownFileType = folder.assetcatalog; path = "Preview Assets.xcassets"; sourceTree = "<group>"; };
		4BC789B62C28680100495822 /* StaticWeatherAppTests.xctest */ = {isa = PBXFileReference; explicitFileType = wrapper.cfbundle; includeInIndex = 0; path = StaticWeatherAppTests.xctest; sourceTree = BUILT_PRODUCTS_DIR; };
		4BC789BA2C28680100495822 /* StaticWeatherAppTests.swift */ = {isa = PBXFileReference; lastKnownFileType = sourcecode.swift; path = StaticWeatherAppTests.swift; sourceTree = "<group>"; };
		4BC789C02C28680100495822 /* StaticWeatherAppUITests.xctest */ = {isa = PBXFileReference; explicitFileType = wrapper.cfbundle; includeInIndex = 0; path = StaticWeatherAppUITests.xctest; sourceTree = BUILT_PRODUCTS_DIR; };
		4BC789C42C28680100495822 /* StaticWeatherAppUITests.swift */ = {isa = PBXFileReference; lastKnownFileType = sourcecode.swift; path = StaticWeatherAppUITests.swift; sourceTree = "<group>"; };
		4BC789C62C28680100495822 /* StaticWeatherAppUITestsLaunchTests.swift */ = {isa = PBXFileReference; lastKnownFileType = sourcecode.swift; path = StaticWeatherAppUITestsLaunchTests.swift; sourceTree = "<group>"; };
		4BC789D32C2868C900495822 /* WeatherButton.swift */ = {isa = PBXFileReference; lastKnownFileType = sourcecode.swift; path = WeatherButton.swift; sourceTree = "<group>"; };
		4BEB510B2C28696B000B47DE /* WeatherModel.swift */ = {isa = PBXFileReference; lastKnownFileType = sourcecode.swift; name = WeatherModel.swift; path = StaticWeatherApp/Data/Models/WeatherModel.swift; sourceTree = SOURCE_ROOT; };
		4BEB510D2C28697F000B47DE /* MockWeatherDataSource.swift */ = {isa = PBXFileReference; lastKnownFileType = sourcecode.swift; path = MockWeatherDataSource.swift; sourceTree = "<group>"; };
/* End PBXFileReference section */

/* Begin PBXFrameworksBuildPhase section */
		4BC789A32C2867FE00495822 /* Frameworks */ = {
			isa = PBXFrameworksBuildPhase;
			buildActionMask = 2147483647;
			files = (
			);
			runOnlyForDeploymentPostprocessing = 0;
		};
		4BC789B32C28680100495822 /* Frameworks */ = {
			isa = PBXFrameworksBuildPhase;
			buildActionMask = 2147483647;
			files = (
			);
			runOnlyForDeploymentPostprocessing = 0;
		};
		4BC789BD2C28680100495822 /* Frameworks */ = {
			isa = PBXFrameworksBuildPhase;
			buildActionMask = 2147483647;
			files = (
			);
			runOnlyForDeploymentPostprocessing = 0;
		};
/* End PBXFrameworksBuildPhase section */

/* Begin PBXGroup section */
		4BC7899D2C2867FE00495822 = {
			isa = PBXGroup;
			children = (
				4BC789A82C2867FE00495822 /* StaticWeatherApp */,
				4BC789B92C28680100495822 /* StaticWeatherAppTests */,
				4BC789C32C28680100495822 /* StaticWeatherAppUITests */,
				4BC789A72C2867FE00495822 /* Products */,
			);
			sourceTree = "<group>";
		};
		4BC789A72C2867FE00495822 /* Products */ = {
			isa = PBXGroup;
			children = (
				4BC789A62C2867FE00495822 /* StaticWeatherApp.app */,
				4BC789B62C28680100495822 /* StaticWeatherAppTests.xctest */,
				4BC789C02C28680100495822 /* StaticWeatherAppUITests.xctest */,
			);
			name = Products;
			sourceTree = "<group>";
		};
		4BC789A82C2867FE00495822 /* StaticWeatherApp */ = {
			isa = PBXGroup;
			children = (
				4BC789D92C28692200495822 /* Data */,
				4BC789A92C2867FE00495822 /* StaticWeatherApp.swift */,
				4BC789AB2C2867FE00495822 /* ContentView.swift */,
				4BC789D32C2868C900495822 /* WeatherButton.swift */,
				4BC789AD2C28680000495822 /* Assets.xcassets */,
				4BC789AF2C28680000495822 /* Preview Content */,
			);
			path = StaticWeatherApp;
			sourceTree = "<group>";
		};
		4BC789AF2C28680000495822 /* Preview Content */ = {
			isa = PBXGroup;
			children = (
				4BC789B02C28680000495822 /* Preview Assets.xcassets */,
			);
			path = "Preview Content";
			sourceTree = "<group>";
		};
		4BC789B92C28680100495822 /* StaticWeatherAppTests */ = {
			isa = PBXGroup;
			children = (
				4BC789BA2C28680100495822 /* StaticWeatherAppTests.swift */,
			);
			path = StaticWeatherAppTests;
			sourceTree = "<group>";
		};
		4BC789C32C28680100495822 /* StaticWeatherAppUITests */ = {
			isa = PBXGroup;
			children = (
				4BC789C42C28680100495822 /* StaticWeatherAppUITests.swift */,
				4BC789C62C28680100495822 /* StaticWeatherAppUITestsLaunchTests.swift */,
			);
			path = StaticWeatherAppUITests;
			sourceTree = "<group>";
		};
		4BC789D52C2868EE00495822 /* Models */ = {
			isa = PBXGroup;
			children = (
				4BEB510B2C28696B000B47DE /* WeatherModel.swift */,
			);
			name = Models;
			path = ../Models;
			sourceTree = "<group>";
		};
		4BC789D92C28692200495822 /* Data */ = {
			isa = PBXGroup;
			children = (
				4BC789D52C2868EE00495822 /* Models */,
				4BC789DA2C28692A00495822 /* DataSources */,
			);
			path = Data;
			sourceTree = "<group>";
		};
		4BC789DA2C28692A00495822 /* DataSources */ = {
			isa = PBXGroup;
			children = (
				4BEB510D2C28697F000B47DE /* MockWeatherDataSource.swift */,
			);
			path = DataSources;
			sourceTree = "<group>";
		};
/* End PBXGroup section */

/* Begin PBXNativeTarget section */
		4BC789A52C2867FE00495822 /* StaticWeatherApp */ = {
			isa = PBXNativeTarget;
			buildConfigurationList = 4BC789CA2C28680100495822 /* Build configuration list for PBXNativeTarget "StaticWeatherApp" */;
			buildPhases = (
				4BC789A22C2867FE00495822 /* Sources */,
				4BC789A32C2867FE00495822 /* Frameworks */,
				4BC789A42C2867FE00495822 /* Resources */,
			);
			buildRules = (
			);
			dependencies = (
			);
			name = StaticWeatherApp;
			productName = StaticWeatherApp;
			productReference = 4BC789A62C2867FE00495822 /* StaticWeatherApp.app */;
			productType = "com.apple.product-type.application";
		};
		4BC789B52C28680100495822 /* StaticWeatherAppTests */ = {
			isa = PBXNativeTarget;
			buildConfigurationList = 4BC789CD2C28680100495822 /* Build configuration list for PBXNativeTarget "StaticWeatherAppTests" */;
			buildPhases = (
				4BC789B22C28680100495822 /* Sources */,
				4BC789B32C28680100495822 /* Frameworks */,
				4BC789B42C28680100495822 /* Resources */,
			);
			buildRules = (
			);
			dependencies = (
				4BC789B82C28680100495822 /* PBXTargetDependency */,
			);
			name = StaticWeatherAppTests;
			productName = StaticWeatherAppTests;
			productReference = 4BC789B62C28680100495822 /* StaticWeatherAppTests.xctest */;
			productType = "com.apple.product-type.bundle.unit-test";
		};
		4BC789BF2C28680100495822 /* StaticWeatherAppUITests */ = {
			isa = PBXNativeTarget;
			buildConfigurationList = 4BC789D02C28680100495822 /* Build configuration list for PBXNativeTarget "StaticWeatherAppUITests" */;
			buildPhases = (
				4BC789BC2C28680100495822 /* Sources */,
				4BC789BD2C28680100495822 /* Frameworks */,
				4BC789BE2C28680100495822 /* Resources */,
			);
			buildRules = (
			);
			dependencies = (
				4BC789C22C28680100495822 /* PBXTargetDependency */,
			);
			name = StaticWeatherAppUITests;
			productName = StaticWeatherAppUITests;
			productReference = 4BC789C02C28680100495822 /* StaticWeatherAppUITests.xctest */;
			productType = "com.apple.product-type.bundle.ui-testing";
		};
/* End PBXNativeTarget section */

/* Begin PBXProject section */
		4BC7899E2C2867FE00495822 /* Project object */ = {
			isa = PBXProject;
			attributes = {
				BuildIndependentTargetsInParallel = 1;
				LastSwiftUpdateCheck = 1540;
				LastUpgradeCheck = 1540;
				TargetAttributes = {
					4BC789A52C2867FE00495822 = {
						CreatedOnToolsVersion = 15.4;
					};
					4BC789B52C28680100495822 = {
						CreatedOnToolsVersion = 15.4;
						TestTargetID = 4BC789A52C2867FE00495822;
					};
					4BC789BF2C28680100495822 = {
						CreatedOnToolsVersion = 15.4;
						TestTargetID = 4BC789A52C2867FE00495822;
					};
				};
			};
			buildConfigurationList = 4BC789A12C2867FE00495822 /* Build configuration list for PBXProject "StaticWeatherApp" */;
			compatibilityVersion = "Xcode 14.0";
			developmentRegion = en;
			hasScannedForEncodings = 0;
			knownRegions = (
				en,
				Base,
			);
			mainGroup = 4BC7899D2C2867FE00495822;
			productRefGroup = 4BC789A72C2867FE00495822 /* Products */;
			projectDirPath = "";
			projectRoot = "";
			targets = (
				4BC789A52C2867FE00495822 /* StaticWeatherApp */,
				4BC789B52C28680100495822 /* StaticWeatherAppTests */,
				4BC789BF2C28680100495822 /* StaticWeatherAppUITests */,
			);
		};
/* End PBXProject section */

/* Begin PBXResourcesBuildPhase section */
		4BC789A42C2867FE00495822 /* Resources */ = {
			isa = PBXResourcesBuildPhase;
			buildActionMask = 2147483647;
			files = (
				4BC789B12C28680000495822 /* Preview Assets.xcassets in Resources */,
				4BC789AE2C28680000495822 /* Assets.xcassets in Resources */,
			);
			runOnlyForDeploymentPostprocessing = 0;
		};
		4BC789B42C28680100495822 /* Resources */ = {
			isa = PBXResourcesBuildPhase;
			buildActionMask = 2147483647;
			files = (
			);
			runOnlyForDeploymentPostprocessing = 0;
		};
		4BC789BE2C28680100495822 /* Resources */ = {
			isa = PBXResourcesBuildPhase;
			buildActionMask = 2147483647;
			files = (
			);
			runOnlyForDeploymentPostprocessing = 0;
		};
/* End PBXResourcesBuildPhase section */

/* Begin PBXSourcesBuildPhase section */
		4BC789A22C2867FE00495822 /* Sources */ = {
			isa = PBXSourcesBuildPhase;
			buildActionMask = 2147483647;
			files = (
				4BEB510E2C28697F000B47DE /* MockWeatherDataSource.swift in Sources */,
				4BC789AC2C2867FE00495822 /* ContentView.swift in Sources */,
				4BC789AA2C2867FE00495822 /* StaticWeatherApp.swift in Sources */,
				4BEB510C2C28696B000B47DE /* WeatherModel.swift in Sources */,
				4BC789D42C2868C900495822 /* WeatherButton.swift in Sources */,
			);
			runOnlyForDeploymentPostprocessing = 0;
		};
		4BC789B22C28680100495822 /* Sources */ = {
			isa = PBXSourcesBuildPhase;
			buildActionMask = 2147483647;
			files = (
				4BC789BB2C28680100495822 /* StaticWeatherAppTests.swift in Sources */,
			);
			runOnlyForDeploymentPostprocessing = 0;
		};
		4BC789BC2C28680100495822 /* Sources */ = {
			isa = PBXSourcesBuildPhase;
			buildActionMask = 2147483647;
			files = (
				4BC789C52C28680100495822 /* StaticWeatherAppUITests.swift in Sources */,
				4BC789C72C28680100495822 /* StaticWeatherAppUITestsLaunchTests.swift in Sources */,
			);
			runOnlyForDeploymentPostprocessing = 0;
		};
/* End PBXSourcesBuildPhase section */

/* Begin PBXTargetDependency section */
		4BC789B82C28680100495822 /* PBXTargetDependency */ = {
			isa = PBXTargetDependency;
			target = 4BC789A52C2867FE00495822 /* StaticWeatherApp */;
			targetProxy = 4BC789B72C28680100495822 /* PBXContainerItemProxy */;
		};
		4BC789C22C28680100495822 /* PBXTargetDependency */ = {
			isa = PBXTargetDependency;
			target = 4BC789A52C2867FE00495822 /* StaticWeatherApp */;
			targetProxy = 4BC789C12C28680100495822 /* PBXContainerItemProxy */;
		};
/* End PBXTargetDependency section */

/* Begin XCBuildConfiguration section */
		4BC789C82C28680100495822 /* Debug */ = {
			isa = XCBuildConfiguration;
			buildSettings = {
				ALWAYS_SEARCH_USER_PATHS = NO;
				ASSETCATALOG_COMPILER_GENERATE_SWIFT_ASSET_SYMBOL_EXTENSIONS = YES;
				CLANG_ANALYZER_NONNULL = YES;
				CLANG_ANALYZER_NUMBER_OBJECT_CONVERSION = YES_AGGRESSIVE;
				CLANG_CXX_LANGUAGE_STANDARD = "gnu++20";
				CLANG_ENABLE_MODULES = YES;
				CLANG_ENABLE_OBJC_ARC = YES;
				CLANG_ENABLE_OBJC_WEAK = YES;
				CLANG_WARN_BLOCK_CAPTURE_AUTORELEASING = YES;
				CLANG_WARN_BOOL_CONVERSION = YES;
				CLANG_WARN_COMMA = YES;
				CLANG_WARN_CONSTANT_CONVERSION = YES;
				CLANG_WARN_DEPRECATED_OBJC_IMPLEMENTATIONS = YES;
				CLANG_WARN_DIRECT_OBJC_ISA_USAGE = YES_ERROR;
				CLANG_WARN_DOCUMENTATION_COMMENTS = YES;
				CLANG_WARN_EMPTY_BODY = YES;
				CLANG_WARN_ENUM_CONVERSION = YES;
				CLANG_WARN_INFINITE_RECURSION = YES;
				CLANG_WARN_INT_CONVERSION = YES;
				CLANG_WARN_NON_LITERAL_NULL_CONVERSION = YES;
				CLANG_WARN_OBJC_IMPLICIT_RETAIN_SELF = YES;
				CLANG_WARN_OBJC_LITERAL_CONVERSION = YES;
				CLANG_WARN_OBJC_ROOT_CLASS = YES_ERROR;
				CLANG_WARN_QUOTED_INCLUDE_IN_FRAMEWORK_HEADER = YES;
				CLANG_WARN_RANGE_LOOP_ANALYSIS = YES;
				CLANG_WARN_STRICT_PROTOTYPES = YES;
				CLANG_WARN_SUSPICIOUS_MOVE = YES;
				CLANG_WARN_UNGUARDED_AVAILABILITY = YES_AGGRESSIVE;
				CLANG_WARN_UNREACHABLE_CODE = YES;
				CLANG_WARN__DUPLICATE_METHOD_MATCH = YES;
				COPY_PHASE_STRIP = NO;
				DEBUG_INFORMATION_FORMAT = dwarf;
				ENABLE_STRICT_OBJC_MSGSEND = YES;
				ENABLE_TESTABILITY = YES;
				ENABLE_USER_SCRIPT_SANDBOXING = YES;
				GCC_C_LANGUAGE_STANDARD = gnu17;
				GCC_DYNAMIC_NO_PIC = NO;
				GCC_NO_COMMON_BLOCKS = YES;
				GCC_OPTIMIZATION_LEVEL = 0;
				GCC_PREPROCESSOR_DEFINITIONS = (
					"DEBUG=1",
					"$(inherited)",
				);
				GCC_WARN_64_TO_32_BIT_CONVERSION = YES;
				GCC_WARN_ABOUT_RETURN_TYPE = YES_ERROR;
				GCC_WARN_UNDECLARED_SELECTOR = YES;
				GCC_WARN_UNINITIALIZED_AUTOS = YES_AGGRESSIVE;
				GCC_WARN_UNUSED_FUNCTION = YES;
				GCC_WARN_UNUSED_VARIABLE = YES;
				IPHONEOS_DEPLOYMENT_TARGET = 14.0;
				LOCALIZATION_PREFERS_STRING_CATALOGS = YES;
				MTL_ENABLE_DEBUG_INFO = INCLUDE_SOURCE;
				MTL_FAST_MATH = YES;
				ONLY_ACTIVE_ARCH = YES;
				SDKROOT = iphoneos;
				SWIFT_ACTIVE_COMPILATION_CONDITIONS = "DEBUG $(inherited)";
				SWIFT_OPTIMIZATION_LEVEL = "-Onone";
			};
			name = Debug;
		};
		4BC789C92C28680100495822 /* Release */ = {
			isa = XCBuildConfiguration;
			buildSettings = {
				ALWAYS_SEARCH_USER_PATHS = NO;
				ASSETCATALOG_COMPILER_GENERATE_SWIFT_ASSET_SYMBOL_EXTENSIONS = YES;
				CLANG_ANALYZER_NONNULL = YES;
				CLANG_ANALYZER_NUMBER_OBJECT_CONVERSION = YES_AGGRESSIVE;
				CLANG_CXX_LANGUAGE_STANDARD = "gnu++20";
				CLANG_ENABLE_MODULES = YES;
				CLANG_ENABLE_OBJC_ARC = YES;
				CLANG_ENABLE_OBJC_WEAK = YES;
				CLANG_WARN_BLOCK_CAPTURE_AUTORELEASING = YES;
				CLANG_WARN_BOOL_CONVERSION = YES;
				CLANG_WARN_COMMA = YES;
				CLANG_WARN_CONSTANT_CONVERSION = YES;
				CLANG_WARN_DEPRECATED_OBJC_IMPLEMENTATIONS = YES;
				CLANG_WARN_DIRECT_OBJC_ISA_USAGE = YES_ERROR;
				CLANG_WARN_DOCUMENTATION_COMMENTS = YES;
				CLANG_WARN_EMPTY_BODY = YES;
				CLANG_WARN_ENUM_CONVERSION = YES;
				CLANG_WARN_INFINITE_RECURSION = YES;
				CLANG_WARN_INT_CONVERSION = YES;
				CLANG_WARN_NON_LITERAL_NULL_CONVERSION = YES;
				CLANG_WARN_OBJC_IMPLICIT_RETAIN_SELF = YES;
				CLANG_WARN_OBJC_LITERAL_CONVERSION = YES;
				CLANG_WARN_OBJC_ROOT_CLASS = YES_ERROR;
				CLANG_WARN_QUOTED_INCLUDE_IN_FRAMEWORK_HEADER = YES;
				CLANG_WARN_RANGE_LOOP_ANALYSIS = YES;
				CLANG_WARN_STRICT_PROTOTYPES = YES;
				CLANG_WARN_SUSPICIOUS_MOVE = YES;
				CLANG_WARN_UNGUARDED_AVAILABILITY = YES_AGGRESSIVE;
				CLANG_WARN_UNREACHABLE_CODE = YES;
				CLANG_WARN__DUPLICATE_METHOD_MATCH = YES;
				COPY_PHASE_STRIP = NO;
				DEBUG_INFORMATION_FORMAT = "dwarf-with-dsym";
				ENABLE_NS_ASSERTIONS = NO;
				ENABLE_STRICT_OBJC_MSGSEND = YES;
				ENABLE_USER_SCRIPT_SANDBOXING = YES;
				GCC_C_LANGUAGE_STANDARD = gnu17;
				GCC_NO_COMMON_BLOCKS = YES;
				GCC_WARN_64_TO_32_BIT_CONVERSION = YES;
				GCC_WARN_ABOUT_RETURN_TYPE = YES_ERROR;
				GCC_WARN_UNDECLARED_SELECTOR = YES;
				GCC_WARN_UNINITIALIZED_AUTOS = YES_AGGRESSIVE;
				GCC_WARN_UNUSED_FUNCTION = YES;
				GCC_WARN_UNUSED_VARIABLE = YES;
				IPHONEOS_DEPLOYMENT_TARGET = 14.0;
				LOCALIZATION_PREFERS_STRING_CATALOGS = YES;
				MTL_ENABLE_DEBUG_INFO = NO;
				MTL_FAST_MATH = YES;
				SDKROOT = iphoneos;
				SWIFT_COMPILATION_MODE = wholemodule;
				VALIDATE_PRODUCT = YES;
			};
			name = Release;
		};
		4BC789CB2C28680100495822 /* Debug */ = {
			isa = XCBuildConfiguration;
			buildSettings = {
				ASSETCATALOG_COMPILER_APPICON_NAME = AppIcon;
				ASSETCATALOG_COMPILER_GLOBAL_ACCENT_COLOR_NAME = AccentColor;
				CODE_SIGN_STYLE = Automatic;
				CURRENT_PROJECT_VERSION = 1;
				DEVELOPMENT_ASSET_PATHS = "\"StaticWeatherApp/Preview Content\"";
				DEVELOPMENT_TEAM = P9QBP8RNKU;
				ENABLE_PREVIEWS = YES;
				GENERATE_INFOPLIST_FILE = YES;
				INFOPLIST_KEY_UIApplicationSceneManifest_Generation = YES;
				INFOPLIST_KEY_UIApplicationSupportsIndirectInputEvents = YES;
				INFOPLIST_KEY_UILaunchScreen_Generation = YES;
				INFOPLIST_KEY_UISupportedInterfaceOrientations_iPad = "UIInterfaceOrientationPortrait UIInterfaceOrientationPortraitUpsideDown UIInterfaceOrientationLandscapeLeft UIInterfaceOrientationLandscapeRight";
				INFOPLIST_KEY_UISupportedInterfaceOrientations_iPhone = "UIInterfaceOrientationPortrait UIInterfaceOrientationLandscapeLeft UIInterfaceOrientationLandscapeRight";
				IPHONEOS_DEPLOYMENT_TARGET = 15.0;
				LD_RUNPATH_SEARCH_PATHS = (
					"$(inherited)",
					"@executable_path/Frameworks",
				);
				MARKETING_VERSION = 1.0;
				PRODUCT_BUNDLE_IDENTIFIER = com.sinut.StaticWeatherApp;
				PRODUCT_NAME = "$(TARGET_NAME)";
				SWIFT_EMIT_LOC_STRINGS = YES;
				SWIFT_VERSION = 5.0;
				TARGETED_DEVICE_FAMILY = "1,2";
			};
			name = Debug;
		};
		4BC789CC2C28680100495822 /* Release */ = {
			isa = XCBuildConfiguration;
			buildSettings = {
				ASSETCATALOG_COMPILER_APPICON_NAME = AppIcon;
				ASSETCATALOG_COMPILER_GLOBAL_ACCENT_COLOR_NAME = AccentColor;
				CODE_SIGN_STYLE = Automatic;
				CURRENT_PROJECT_VERSION = 1;
				DEVELOPMENT_ASSET_PATHS = "\"StaticWeatherApp/Preview Content\"";
				DEVELOPMENT_TEAM = P9QBP8RNKU;
				ENABLE_PREVIEWS = YES;
				GENERATE_INFOPLIST_FILE = YES;
				INFOPLIST_KEY_UIApplicationSceneManifest_Generation = YES;
				INFOPLIST_KEY_UIApplicationSupportsIndirectInputEvents = YES;
				INFOPLIST_KEY_UILaunchScreen_Generation = YES;
				INFOPLIST_KEY_UISupportedInterfaceOrientations_iPad = "UIInterfaceOrientationPortrait UIInterfaceOrientationPortraitUpsideDown UIInterfaceOrientationLandscapeLeft UIInterfaceOrientationLandscapeRight";
				INFOPLIST_KEY_UISupportedInterfaceOrientations_iPhone = "UIInterfaceOrientationPortrait UIInterfaceOrientationLandscapeLeft UIInterfaceOrientationLandscapeRight";
				IPHONEOS_DEPLOYMENT_TARGET = 15.0;
				LD_RUNPATH_SEARCH_PATHS = (
					"$(inherited)",
					"@executable_path/Frameworks",
				);
				MARKETING_VERSION = 1.0;
				PRODUCT_BUNDLE_IDENTIFIER = com.sinut.StaticWeatherApp;
				PRODUCT_NAME = "$(TARGET_NAME)";
				SWIFT_EMIT_LOC_STRINGS = YES;
				SWIFT_VERSION = 5.0;
				TARGETED_DEVICE_FAMILY = "1,2";
			};
			name = Release;
		};
		4BC789CE2C28680100495822 /* Debug */ = {
			isa = XCBuildConfiguration;
			buildSettings = {
				ALWAYS_EMBED_SWIFT_STANDARD_LIBRARIES = YES;
				BUNDLE_LOADER = "$(TEST_HOST)";
				CODE_SIGN_STYLE = Automatic;
				CURRENT_PROJECT_VERSION = 1;
				DEVELOPMENT_TEAM = P9QBP8RNKU;
				GENERATE_INFOPLIST_FILE = YES;
				IPHONEOS_DEPLOYMENT_TARGET = 17.5;
				MARKETING_VERSION = 1.0;
				PRODUCT_BUNDLE_IDENTIFIER = com.sinut.StaticWeatherAppTests;
				PRODUCT_NAME = "$(TARGET_NAME)";
				SWIFT_EMIT_LOC_STRINGS = NO;
				SWIFT_VERSION = 5.0;
				TARGETED_DEVICE_FAMILY = "1,2";
				TEST_HOST = "$(BUILT_PRODUCTS_DIR)/StaticWeatherApp.app/$(BUNDLE_EXECUTABLE_FOLDER_PATH)/StaticWeatherApp";
			};
			name = Debug;
		};
		4BC789CF2C28680100495822 /* Release */ = {
			isa = XCBuildConfiguration;
			buildSettings = {
				ALWAYS_EMBED_SWIFT_STANDARD_LIBRARIES = YES;
				BUNDLE_LOADER = "$(TEST_HOST)";
				CODE_SIGN_STYLE = Automatic;
				CURRENT_PROJECT_VERSION = 1;
				DEVELOPMENT_TEAM = P9QBP8RNKU;
				GENERATE_INFOPLIST_FILE = YES;
				IPHONEOS_DEPLOYMENT_TARGET = 17.5;
				MARKETING_VERSION = 1.0;
				PRODUCT_BUNDLE_IDENTIFIER = com.sinut.StaticWeatherAppTests;
				PRODUCT_NAME = "$(TARGET_NAME)";
				SWIFT_EMIT_LOC_STRINGS = NO;
				SWIFT_VERSION = 5.0;
				TARGETED_DEVICE_FAMILY = "1,2";
				TEST_HOST = "$(BUILT_PRODUCTS_DIR)/StaticWeatherApp.app/$(BUNDLE_EXECUTABLE_FOLDER_PATH)/StaticWeatherApp";
			};
			name = Release;
		};
		4BC789D12C28680100495822 /* Debug */ = {
			isa = XCBuildConfiguration;
			buildSettings = {
				ALWAYS_EMBED_SWIFT_STANDARD_LIBRARIES = YES;
				CODE_SIGN_STYLE = Automatic;
				CURRENT_PROJECT_VERSION = 1;
				DEVELOPMENT_TEAM = P9QBP8RNKU;
				GENERATE_INFOPLIST_FILE = YES;
				MARKETING_VERSION = 1.0;
				PRODUCT_BUNDLE_IDENTIFIER = com.sinut.StaticWeatherAppUITests;
				PRODUCT_NAME = "$(TARGET_NAME)";
				SWIFT_EMIT_LOC_STRINGS = NO;
				SWIFT_VERSION = 5.0;
				TARGETED_DEVICE_FAMILY = "1,2";
				TEST_TARGET_NAME = StaticWeatherApp;
			};
			name = Debug;
		};
		4BC789D22C28680100495822 /* Release */ = {
			isa = XCBuildConfiguration;
			buildSettings = {
				ALWAYS_EMBED_SWIFT_STANDARD_LIBRARIES = YES;
				CODE_SIGN_STYLE = Automatic;
				CURRENT_PROJECT_VERSION = 1;
				DEVELOPMENT_TEAM = P9QBP8RNKU;
				GENERATE_INFOPLIST_FILE = YES;
				MARKETING_VERSION = 1.0;
				PRODUCT_BUNDLE_IDENTIFIER = com.sinut.StaticWeatherAppUITests;
				PRODUCT_NAME = "$(TARGET_NAME)";
				SWIFT_EMIT_LOC_STRINGS = NO;
				SWIFT_VERSION = 5.0;
				TARGETED_DEVICE_FAMILY = "1,2";
				TEST_TARGET_NAME = StaticWeatherApp;
			};
			name = Release;
		};
/* End XCBuildConfiguration section */

/* Begin XCConfigurationList section */
		4BC789A12C2867FE00495822 /* Build configuration list for PBXProject "StaticWeatherApp" */ = {
			isa = XCConfigurationList;
			buildConfigurations = (
				4BC789C82C28680100495822 /* Debug */,
				4BC789C92C28680100495822 /* Release */,
			);
			defaultConfigurationIsVisible = 0;
			defaultConfigurationName = Release;
		};
		4BC789CA2C28680100495822 /* Build configuration list for PBXNativeTarget "StaticWeatherApp" */ = {
			isa = XCConfigurationList;
			buildConfigurations = (
				4BC789CB2C28680100495822 /* Debug */,
				4BC789CC2C28680100495822 /* Release */,
			);
			defaultConfigurationIsVisible = 0;
			defaultConfigurationName = Release;
		};
		4BC789CD2C28680100495822 /* Build configuration list for PBXNativeTarget "StaticWeatherAppTests" */ = {
			isa = XCConfigurationList;
			buildConfigurations = (
				4BC789CE2C28680100495822 /* Debug */,
				4BC789CF2C28680100495822 /* Release */,
			);
			defaultConfigurationIsVisible = 0;
			defaultConfigurationName = Release;
		};
		4BC789D02C28680100495822 /* Build configuration list for PBXNativeTarget "StaticWeatherAppUITests" */ = {
			isa = XCConfigurationList;
			buildConfigurations = (
				4BC789D12C28680100495822 /* Debug */,
				4BC789D22C28680100495822 /* Release */,
			);
			defaultConfigurationIsVisible = 0;
			defaultConfigurationName = Release;
		};
/* End XCConfigurationList section */
	};
	rootObject = 4BC7899E2C2867FE00495822 /* Project object */;
}
