// !$*UTF8*$!
{
	archiveVersion = 1;
	classes = {
	};
	objectVersion = 55;
	objects = {

/* Begin PBXBuildFile section */
		A87D61AA287DEE24008AC3DE /* AppDelegate.swift in Sources */ = {isa = PBXBuildFile; fileRef = A87D61A9287DEE24008AC3DE /* AppDelegate.swift */; };
		A87D61AC287DEE24008AC3DE /* SceneDelegate.swift in Sources */ = {isa = PBXBuildFile; fileRef = A87D61AB287DEE24008AC3DE /* SceneDelegate.swift */; };
		A87D61AE287DEE24008AC3DE /* HomeViewController.swift in Sources */ = {isa = PBXBuildFile; fileRef = A87D61AD287DEE24008AC3DE /* HomeViewController.swift */; };
		A87D61B1287DEE24008AC3DE /* Main.storyboard in Resources */ = {isa = PBXBuildFile; fileRef = A87D61AF287DEE24008AC3DE /* Main.storyboard */; };
		A87D61B3287DEE26008AC3DE /* Assets.xcassets in Resources */ = {isa = PBXBuildFile; fileRef = A87D61B2287DEE26008AC3DE /* Assets.xcassets */; };
		A87D61B6287DEE26008AC3DE /* LaunchScreen.storyboard in Resources */ = {isa = PBXBuildFile; fileRef = A87D61B4287DEE26008AC3DE /* LaunchScreen.storyboard */; };
		A87D61BE287DEE77008AC3DE /* README.md in Resources */ = {isa = PBXBuildFile; fileRef = A87D61BD287DEE77008AC3DE /* README.md */; };
/* End PBXBuildFile section */

/* Begin PBXFileReference section */
		A87D61A6287DEE24008AC3DE /* Express Dictionary iOS.app */ = {isa = PBXFileReference; explicitFileType = wrapper.application; includeInIndex = 0; path = "Express Dictionary iOS.app"; sourceTree = BUILT_PRODUCTS_DIR; };
		A87D61A9287DEE24008AC3DE /* AppDelegate.swift */ = {isa = PBXFileReference; lastKnownFileType = sourcecode.swift; path = AppDelegate.swift; sourceTree = "<group>"; };
		A87D61AB287DEE24008AC3DE /* SceneDelegate.swift */ = {isa = PBXFileReference; lastKnownFileType = sourcecode.swift; path = SceneDelegate.swift; sourceTree = "<group>"; };
		A87D61AD287DEE24008AC3DE /* HomeViewController.swift */ = {isa = PBXFileReference; lastKnownFileType = sourcecode.swift; path = HomeViewController.swift; sourceTree = "<group>"; };
		A87D61B0287DEE24008AC3DE /* Base */ = {isa = PBXFileReference; lastKnownFileType = file.storyboard; name = Base; path = Base.lproj/Main.storyboard; sourceTree = "<group>"; };
		A87D61B2287DEE26008AC3DE /* Assets.xcassets */ = {isa = PBXFileReference; lastKnownFileType = folder.assetcatalog; path = Assets.xcassets; sourceTree = "<group>"; };
		A87D61B5287DEE26008AC3DE /* Base */ = {isa = PBXFileReference; lastKnownFileType = file.storyboard; name = Base; path = Base.lproj/LaunchScreen.storyboard; sourceTree = "<group>"; };
		A87D61B7287DEE26008AC3DE /* Info.plist */ = {isa = PBXFileReference; lastKnownFileType = text.plist.xml; path = Info.plist; sourceTree = "<group>"; };
		A87D61BD287DEE77008AC3DE /* README.md */ = {isa = PBXFileReference; lastKnownFileType = net.daringfireball.markdown; path = README.md; sourceTree = "<group>"; };
/* End PBXFileReference section */

/* Begin PBXFrameworksBuildPhase section */
		A87D61A3287DEE24008AC3DE /* Frameworks */ = {
			isa = PBXFrameworksBuildPhase;
			buildActionMask = 2147483647;
			files = (
			);
			runOnlyForDeploymentPostprocessing = 0;
		};
/* End PBXFrameworksBuildPhase section */

/* Begin PBXGroup section */
		A87D619D287DEE24008AC3DE = {
			isa = PBXGroup;
			children = (
				A87D61BD287DEE77008AC3DE /* README.md */,
				A87D61A8287DEE24008AC3DE /* Express Dictionary iOS */,
				A87D61A7287DEE24008AC3DE /* Products */,
			);
			sourceTree = "<group>";
		};
		A87D61A7287DEE24008AC3DE /* Products */ = {
			isa = PBXGroup;
			children = (
				A87D61A6287DEE24008AC3DE /* Express Dictionary iOS.app */,
			);
			name = Products;
			sourceTree = "<group>";
		};
		A87D61A8287DEE24008AC3DE /* Express Dictionary iOS */ = {
			isa = PBXGroup;
			children = (
				A87D61A9287DEE24008AC3DE /* AppDelegate.swift */,
				A87D61AB287DEE24008AC3DE /* SceneDelegate.swift */,
				A87D61BF287DEFBA008AC3DE /* Models */,
				A87D61C0287DEFC0008AC3DE /* Views */,
				A87D61C1287DEFC5008AC3DE /* Controllers */,
				A87D61B2287DEE26008AC3DE /* Assets.xcassets */,
				A87D61B4287DEE26008AC3DE /* LaunchScreen.storyboard */,
				A87D61B7287DEE26008AC3DE /* Info.plist */,
			);
			path = "Express Dictionary iOS";
			sourceTree = "<group>";
		};
		A87D61BF287DEFBA008AC3DE /* Models */ = {
			isa = PBXGroup;
			children = (
			);
			path = Models;
			sourceTree = "<group>";
		};
		A87D61C0287DEFC0008AC3DE /* Views */ = {
			isa = PBXGroup;
			children = (
				A87D61AF287DEE24008AC3DE /* Main.storyboard */,
			);
			path = Views;
			sourceTree = "<group>";
		};
		A87D61C1287DEFC5008AC3DE /* Controllers */ = {
			isa = PBXGroup;
			children = (
				A87D61AD287DEE24008AC3DE /* HomeViewController.swift */,
			);
			path = Controllers;
			sourceTree = "<group>";
		};
/* End PBXGroup section */

/* Begin PBXNativeTarget section */
		A87D61A5287DEE24008AC3DE /* Express Dictionary iOS */ = {
			isa = PBXNativeTarget;
			buildConfigurationList = A87D61BA287DEE26008AC3DE /* Build configuration list for PBXNativeTarget "Express Dictionary iOS" */;
			buildPhases = (
				A87D61A2287DEE24008AC3DE /* Sources */,
				A87D61A3287DEE24008AC3DE /* Frameworks */,
				A87D61A4287DEE24008AC3DE /* Resources */,
			);
			buildRules = (
			);
			dependencies = (
			);
			name = "Express Dictionary iOS";
			productName = "Express Dictionary iOS";
			productReference = A87D61A6287DEE24008AC3DE /* Express Dictionary iOS.app */;
			productType = "com.apple.product-type.application";
		};
/* End PBXNativeTarget section */

/* Begin PBXProject section */
		A87D619E287DEE24008AC3DE /* Project object */ = {
			isa = PBXProject;
			attributes = {
				BuildIndependentTargetsInParallel = 1;
				LastSwiftUpdateCheck = 1340;
				LastUpgradeCheck = 1340;
				TargetAttributes = {
					A87D61A5287DEE24008AC3DE = {
						CreatedOnToolsVersion = 13.4.1;
					};
				};
			};
			buildConfigurationList = A87D61A1287DEE24008AC3DE /* Build configuration list for PBXProject "Express Dictionary iOS" */;
			compatibilityVersion = "Xcode 13.0";
			developmentRegion = en;
			hasScannedForEncodings = 0;
			knownRegions = (
				en,
				Base,
			);
			mainGroup = A87D619D287DEE24008AC3DE;
			productRefGroup = A87D61A7287DEE24008AC3DE /* Products */;
			projectDirPath = "";
			projectRoot = "";
			targets = (
				A87D61A5287DEE24008AC3DE /* Express Dictionary iOS */,
			);
		};
/* End PBXProject section */

/* Begin PBXResourcesBuildPhase section */
		A87D61A4287DEE24008AC3DE /* Resources */ = {
			isa = PBXResourcesBuildPhase;
			buildActionMask = 2147483647;
			files = (
				A87D61B6287DEE26008AC3DE /* LaunchScreen.storyboard in Resources */,
				A87D61B3287DEE26008AC3DE /* Assets.xcassets in Resources */,
				A87D61BE287DEE77008AC3DE /* README.md in Resources */,
				A87D61B1287DEE24008AC3DE /* Main.storyboard in Resources */,
			);
			runOnlyForDeploymentPostprocessing = 0;
		};
/* End PBXResourcesBuildPhase section */

/* Begin PBXSourcesBuildPhase section */
		A87D61A2287DEE24008AC3DE /* Sources */ = {
			isa = PBXSourcesBuildPhase;
			buildActionMask = 2147483647;
			files = (
				A87D61AE287DEE24008AC3DE /* HomeViewController.swift in Sources */,
				A87D61AA287DEE24008AC3DE /* AppDelegate.swift in Sources */,
				A87D61AC287DEE24008AC3DE /* SceneDelegate.swift in Sources */,
			);
			runOnlyForDeploymentPostprocessing = 0;
		};
/* End PBXSourcesBuildPhase section */

/* Begin PBXVariantGroup section */
		A87D61AF287DEE24008AC3DE /* Main.storyboard */ = {
			isa = PBXVariantGroup;
			children = (
				A87D61B0287DEE24008AC3DE /* Base */,
			);
			name = Main.storyboard;
			sourceTree = "<group>";
		};
		A87D61B4287DEE26008AC3DE /* LaunchScreen.storyboard */ = {
			isa = PBXVariantGroup;
			children = (
				A87D61B5287DEE26008AC3DE /* Base */,
			);
			name = LaunchScreen.storyboard;
			sourceTree = "<group>";
		};
/* End PBXVariantGroup section */

/* Begin XCBuildConfiguration section */
		A87D61B8287DEE26008AC3DE /* Debug */ = {
			isa = XCBuildConfiguration;
			buildSettings = {
				ALWAYS_SEARCH_USER_PATHS = NO;
				CLANG_ANALYZER_NONNULL = YES;
				CLANG_ANALYZER_NUMBER_OBJECT_CONVERSION = YES_AGGRESSIVE;
				CLANG_CXX_LANGUAGE_STANDARD = "gnu++17";
				CLANG_ENABLE_MODULES = YES;
				CLANG_ENABLE_OBJC_ARC = YES;
				CLANG_ENABLE_OBJC_WEAK = YES;
				CLANG_WARN_BLOCK_CAPTURE_AUTORELEASING = YES;
				CLANG_WARN_BOOL_CONVERSION = YES;
				CLANG_WARN_COMMA = YES;
				CLANG_WARN_CONSTANT_CONVERSION = YES;
				CLANG_WARN_DEPRECATED_OBJC_IMPLEMENTATIONS = YES;
				CLANG_WARN_DIRECT_OBJC_ISA_USAGE = YES_ERROR;
				CLANG_WARN_DOCUMENTATION_COMMENTS = YES;
				CLANG_WARN_EMPTY_BODY = YES;
				CLANG_WARN_ENUM_CONVERSION = YES;
				CLANG_WARN_INFINITE_RECURSION = YES;
				CLANG_WARN_INT_CONVERSION = YES;
				CLANG_WARN_NON_LITERAL_NULL_CONVERSION = YES;
				CLANG_WARN_OBJC_IMPLICIT_RETAIN_SELF = YES;
				CLANG_WARN_OBJC_LITERAL_CONVERSION = YES;
				CLANG_WARN_OBJC_ROOT_CLASS = YES_ERROR;
				CLANG_WARN_QUOTED_INCLUDE_IN_FRAMEWORK_HEADER = YES;
				CLANG_WARN_RANGE_LOOP_ANALYSIS = YES;
				CLANG_WARN_STRICT_PROTOTYPES = YES;
				CLANG_WARN_SUSPICIOUS_MOVE = YES;
				CLANG_WARN_UNGUARDED_AVAILABILITY = YES_AGGRESSIVE;
				CLANG_WARN_UNREACHABLE_CODE = YES;
				CLANG_WARN__DUPLICATE_METHOD_MATCH = YES;
				COPY_PHASE_STRIP = NO;
				DEBUG_INFORMATION_FORMAT = dwarf;
				ENABLE_STRICT_OBJC_MSGSEND = YES;
				ENABLE_TESTABILITY = YES;
				GCC_C_LANGUAGE_STANDARD = gnu11;
				GCC_DYNAMIC_NO_PIC = NO;
				GCC_NO_COMMON_BLOCKS = YES;
				GCC_OPTIMIZATION_LEVEL = 0;
				GCC_PREPROCESSOR_DEFINITIONS = (
					"DEBUG=1",
					"$(inherited)",
				);
				GCC_WARN_64_TO_32_BIT_CONVERSION = YES;
				GCC_WARN_ABOUT_RETURN_TYPE = YES_ERROR;
				GCC_WARN_UNDECLARED_SELECTOR = YES;
				GCC_WARN_UNINITIALIZED_AUTOS = YES_AGGRESSIVE;
				GCC_WARN_UNUSED_FUNCTION = YES;
				GCC_WARN_UNUSED_VARIABLE = YES;
				IPHONEOS_DEPLOYMENT_TARGET = 15.5;
				MTL_ENABLE_DEBUG_INFO = INCLUDE_SOURCE;
				MTL_FAST_MATH = YES;
				ONLY_ACTIVE_ARCH = YES;
				SDKROOT = iphoneos;
				SWIFT_ACTIVE_COMPILATION_CONDITIONS = DEBUG;
				SWIFT_OPTIMIZATION_LEVEL = "-Onone";
			};
			name = Debug;
		};
		A87D61B9287DEE26008AC3DE /* Release */ = {
			isa = XCBuildConfiguration;
			buildSettings = {
				ALWAYS_SEARCH_USER_PATHS = NO;
				CLANG_ANALYZER_NONNULL = YES;
				CLANG_ANALYZER_NUMBER_OBJECT_CONVERSION = YES_AGGRESSIVE;
				CLANG_CXX_LANGUAGE_STANDARD = "gnu++17";
				CLANG_ENABLE_MODULES = YES;
				CLANG_ENABLE_OBJC_ARC = YES;
				CLANG_ENABLE_OBJC_WEAK = YES;
				CLANG_WARN_BLOCK_CAPTURE_AUTORELEASING = YES;
				CLANG_WARN_BOOL_CONVERSION = YES;
				CLANG_WARN_COMMA = YES;
				CLANG_WARN_CONSTANT_CONVERSION = YES;
				CLANG_WARN_DEPRECATED_OBJC_IMPLEMENTATIONS = YES;
				CLANG_WARN_DIRECT_OBJC_ISA_USAGE = YES_ERROR;
				CLANG_WARN_DOCUMENTATION_COMMENTS = YES;
				CLANG_WARN_EMPTY_BODY = YES;
				CLANG_WARN_ENUM_CONVERSION = YES;
				CLANG_WARN_INFINITE_RECURSION = YES;
				CLANG_WARN_INT_CONVERSION = YES;
				CLANG_WARN_NON_LITERAL_NULL_CONVERSION = YES;
				CLANG_WARN_OBJC_IMPLICIT_RETAIN_SELF = YES;
				CLANG_WARN_OBJC_LITERAL_CONVERSION = YES;
				CLANG_WARN_OBJC_ROOT_CLASS = YES_ERROR;
				CLANG_WARN_QUOTED_INCLUDE_IN_FRAMEWORK_HEADER = YES;
				CLANG_WARN_RANGE_LOOP_ANALYSIS = YES;
				CLANG_WARN_STRICT_PROTOTYPES = YES;
				CLANG_WARN_SUSPICIOUS_MOVE = YES;
				CLANG_WARN_UNGUARDED_AVAILABILITY = YES_AGGRESSIVE;
				CLANG_WARN_UNREACHABLE_CODE = YES;
				CLANG_WARN__DUPLICATE_METHOD_MATCH = YES;
				COPY_PHASE_STRIP = NO;
				DEBUG_INFORMATION_FORMAT = "dwarf-with-dsym";
				ENABLE_NS_ASSERTIONS = NO;
				ENABLE_STRICT_OBJC_MSGSEND = YES;
				GCC_C_LANGUAGE_STANDARD = gnu11;
				GCC_NO_COMMON_BLOCKS = YES;
				GCC_WARN_64_TO_32_BIT_CONVERSION = YES;
				GCC_WARN_ABOUT_RETURN_TYPE = YES_ERROR;
				GCC_WARN_UNDECLARED_SELECTOR = YES;
				GCC_WARN_UNINITIALIZED_AUTOS = YES_AGGRESSIVE;
				GCC_WARN_UNUSED_FUNCTION = YES;
				GCC_WARN_UNUSED_VARIABLE = YES;
				IPHONEOS_DEPLOYMENT_TARGET = 15.5;
				MTL_ENABLE_DEBUG_INFO = NO;
				MTL_FAST_MATH = YES;
				SDKROOT = iphoneos;
				SWIFT_COMPILATION_MODE = wholemodule;
				SWIFT_OPTIMIZATION_LEVEL = "-O";
				VALIDATE_PRODUCT = YES;
			};
			name = Release;
		};
		A87D61BB287DEE26008AC3DE /* Debug */ = {
			isa = XCBuildConfiguration;
			buildSettings = {
				ASSETCATALOG_COMPILER_APPICON_NAME = AppIcon;
				ASSETCATALOG_COMPILER_GLOBAL_ACCENT_COLOR_NAME = AccentColor;
				CODE_SIGN_STYLE = Automatic;
				CURRENT_PROJECT_VERSION = 1;
				DEVELOPMENT_TEAM = P9QBP8RNKU;
				GENERATE_INFOPLIST_FILE = YES;
				INFOPLIST_FILE = "Express Dictionary iOS/Info.plist";
				INFOPLIST_KEY_UIApplicationSupportsIndirectInputEvents = YES;
				INFOPLIST_KEY_UILaunchStoryboardName = LaunchScreen;
				INFOPLIST_KEY_UIMainStoryboardFile = Main;
				INFOPLIST_KEY_UISupportedInterfaceOrientations_iPad = "UIInterfaceOrientationPortrait UIInterfaceOrientationPortraitUpsideDown UIInterfaceOrientationLandscapeLeft UIInterfaceOrientationLandscapeRight";
				INFOPLIST_KEY_UISupportedInterfaceOrientations_iPhone = "UIInterfaceOrientationPortrait UIInterfaceOrientationLandscapeLeft UIInterfaceOrientationLandscapeRight";
				IPHONEOS_DEPLOYMENT_TARGET = 15.5;
				LD_RUNPATH_SEARCH_PATHS = (
					"$(inherited)",
					"@executable_path/Frameworks",
				);
				MARKETING_VERSION = 1.0;
				PRODUCT_BUNDLE_IDENTIFIER = "com.sinut.Express-Dictionary-iOS";
				PRODUCT_NAME = "$(TARGET_NAME)";
				SWIFT_EMIT_LOC_STRINGS = YES;
				SWIFT_VERSION = 5.0;
				TARGETED_DEVICE_FAMILY = 1;
			};
			name = Debug;
		};
		A87D61BC287DEE26008AC3DE /* Release */ = {
			isa = XCBuildConfiguration;
			buildSettings = {
				ASSETCATALOG_COMPILER_APPICON_NAME = AppIcon;
				ASSETCATALOG_COMPILER_GLOBAL_ACCENT_COLOR_NAME = AccentColor;
				CODE_SIGN_STYLE = Automatic;
				CURRENT_PROJECT_VERSION = 1;
				DEVELOPMENT_TEAM = P9QBP8RNKU;
				GENERATE_INFOPLIST_FILE = YES;
				INFOPLIST_FILE = "Express Dictionary iOS/Info.plist";
				INFOPLIST_KEY_UIApplicationSupportsIndirectInputEvents = YES;
				INFOPLIST_KEY_UILaunchStoryboardName = LaunchScreen;
				INFOPLIST_KEY_UIMainStoryboardFile = Main;
				INFOPLIST_KEY_UISupportedInterfaceOrientations_iPad = "UIInterfaceOrientationPortrait UIInterfaceOrientationPortraitUpsideDown UIInterfaceOrientationLandscapeLeft UIInterfaceOrientationLandscapeRight";
				INFOPLIST_KEY_UISupportedInterfaceOrientations_iPhone = "UIInterfaceOrientationPortrait UIInterfaceOrientationLandscapeLeft UIInterfaceOrientationLandscapeRight";
				IPHONEOS_DEPLOYMENT_TARGET = 15.5;
				LD_RUNPATH_SEARCH_PATHS = (
					"$(inherited)",
					"@executable_path/Frameworks",
				);
				MARKETING_VERSION = 1.0;
				PRODUCT_BUNDLE_IDENTIFIER = "com.sinut.Express-Dictionary-iOS";
				PRODUCT_NAME = "$(TARGET_NAME)";
				SWIFT_EMIT_LOC_STRINGS = YES;
				SWIFT_VERSION = 5.0;
				TARGETED_DEVICE_FAMILY = 1;
			};
			name = Release;
		};
/* End XCBuildConfiguration section */

/* Begin XCConfigurationList section */
		A87D61A1287DEE24008AC3DE /* Build configuration list for PBXProject "Express Dictionary iOS" */ = {
			isa = XCConfigurationList;
			buildConfigurations = (
				A87D61B8287DEE26008AC3DE /* Debug */,
				A87D61B9287DEE26008AC3DE /* Release */,
			);
			defaultConfigurationIsVisible = 0;
			defaultConfigurationName = Release;
		};
		A87D61BA287DEE26008AC3DE /* Build configuration list for PBXNativeTarget "Express Dictionary iOS" */ = {
			isa = XCConfigurationList;
			buildConfigurations = (
				A87D61BB287DEE26008AC3DE /* Debug */,
				A87D61BC287DEE26008AC3DE /* Release */,
			);
			defaultConfigurationIsVisible = 0;
			defaultConfigurationName = Release;
		};
/* End XCConfigurationList section */
	};
	rootObject = A87D619E287DEE24008AC3DE /* Project object */;
}
